
Microsoft Visual Studio Solution File, Format Version 12.00
# Visual Studio Version 16
VisualStudioVersion = 16.0.30907.101
MinimumVisualStudioVersion = 10.0.40219.1
Project("{8BC9CEB8-8B4A-11D0-8D11-00A0C91BC942}") = "TestVisiTest", "..\..\..\TestVisiTest-5.2\TestVisiTest.vcxproj", "{CE625080-AB45-30E3-9D88-06A12E69F6BB}"
EndProject
Global
	GlobalSection(SolutionConfigurationPlatforms) = preSolution
		Debug|x64 = Debug|x64
		Release|x64 = Release|x64
	EndGlobalSection
	GlobalSection(ProjectConfigurationPlatforms) = postSolution
		{CE625080-AB45-30E3-9D88-06A12E69F6BB}.Debug|x64.ActiveCfg = Debug|x64
		{CE625080-AB45-30E3-9D88-06A12E69F6BB}.Debug|x64.Build.0 = Debug|x64
		{CE625080-AB45-30E3-9D88-06A12E69F6BB}.Release|x64.ActiveCfg = Release|x64
		{CE625080-AB45-30E3-9D88-06A12E69F6BB}.Release|x64.Build.0 = Release|x64
	EndGlobalSection
	GlobalSection(SolutionProperties) = preSolution
		HideSolutionNode = FALSE
	EndGlobalSection
	GlobalSection(ExtensibilityGlobals) = postSolution
		SolutionGuid = {1CB51352-712D-4EAC-8D50-1CB8C0C00C22}
	EndGlobalSection
EndGlobal
